
Microsoft Visual Studio Solution File, Format Version 12.00
# Visual Studio Version 17
VisualStudioVersion = 17.8.34316.72
MinimumVisualStudioVersion = 10.0.40219.1
Project("{FAE04EC0-301F-11D3-BF4B-00C04F79EFBC}") = "Quarto Projeto", "Quarto Projeto.csproj", "{EFC4F618-9B27-4AC2-8EEA-3BCC266E4847}"
EndProject
Global
	GlobalSection(SolutionConfigurationPlatforms) = preSolution
		Debug|Any CPU = Debug|Any CPU
		Release|Any CPU = Release|Any CPU
	EndGlobalSection
	GlobalSection(ProjectConfigurationPlatforms) = postSolution
		{EFC4F618-9B27-4AC2-8EEA-3BCC266E4847}.Debug|Any CPU.ActiveCfg = Debug|Any CPU
		{EFC4F618-9B27-4AC2-8EEA-3BCC266E4847}.Debug|Any CPU.Build.0 = Debug|Any CPU
		{EFC4F618-9B27-4AC2-8EEA-3BCC266E4847}.Release|Any CPU.ActiveCfg = Release|Any CPU
		{EFC4F618-9B27-4AC2-8EEA-3BCC266E4847}.Release|Any CPU.Build.0 = Release|Any CPU
	EndGlobalSection
	GlobalSection(SolutionProperties) = preSolution
		HideSolutionNode = FALSE
	EndGlobalSection
	GlobalSection(ExtensibilityGlobals) = postSolution
		SolutionGuid = {D756C7E2-2E97-4C83-AC93-281C2319F6CA}
	EndGlobalSection
EndGlobal
